
Microsoft Visual Studio Solution File, Format Version 12.00
# Visual Studio Version 17
VisualStudioVersion = 17.7.34031.279
MinimumVisualStudioVersion = 10.0.40219.1
Project("{FAE04EC0-301F-11D3-BF4B-00C04F79EFBC}") = "Mau", "Mau\Mau.csproj", "{23C083C4-9FB3-4228-AAD1-03F92FA83993}"
EndProject
Global
	GlobalSection(SolutionConfigurationPlatforms) = preSolution
		Debug|Any CPU = Debug|Any CPU
		Release|Any CPU = Release|Any CPU
	EndGlobalSection
	GlobalSection(ProjectConfigurationPlatforms) = postSolution
		{23C083C4-9FB3-4228-AAD1-03F92FA83993}.Debug|Any CPU.ActiveCfg = Debug|Any CPU
		{23C083C4-9FB3-4228-AAD1-03F92FA83993}.Debug|Any CPU.Build.0 = Debug|Any CPU
		{23C083C4-9FB3-4228-AAD1-03F92FA83993}.Release|Any CPU.ActiveCfg = Release|Any CPU
		{23C083C4-9FB3-4228-AAD1-03F92FA83993}.Release|Any CPU.Build.0 = Release|Any CPU
	EndGlobalSection
	GlobalSection(SolutionProperties) = preSolution
		HideSolutionNode = FALSE
	EndGlobalSection
	GlobalSection(ExtensibilityGlobals) = postSolution
		SolutionGuid = {79F5035C-08EC-4B7C-8CA6-DA441EA71972}
	EndGlobalSection
EndGlobal
